
Microsoft Visual Studio Solution File, Format Version 12.00
# Visual Studio 15
VisualStudioVersion = 15.0.27703.2047
MinimumVisualStudioVersion = 10.0.40219.1
Project("{FAE04EC0-301F-11D3-BF4B-00C04F79EFBC}") = "WebApi", "WebApi\WebApi.csproj", "{027CEB09-B42C-4FB3-A261-4B484E6C0DEE}"
EndProject
Global
	GlobalSection(SolutionConfigurationPlatforms) = preSolution
		Debug|Any CPU = Debug|Any CPU
		Release|Any CPU = Release|Any CPU
	EndGlobalSection
	GlobalSection(ProjectConfigurationPlatforms) = postSolution
		{027CEB09-B42C-4FB3-A261-4B484E6C0DEE}.Debug|Any CPU.ActiveCfg = Debug|Any CPU
		{027CEB09-B42C-4FB3-A261-4B484E6C0DEE}.Debug|Any CPU.Build.0 = Debug|Any CPU
		{027CEB09-B42C-4FB3-A261-4B484E6C0DEE}.Release|Any CPU.ActiveCfg = Release|Any CPU
		{027CEB09-B42C-4FB3-A261-4B484E6C0DEE}.Release|Any CPU.Build.0 = Release|Any CPU
	EndGlobalSection
	GlobalSection(SolutionProperties) = preSolution
		HideSolutionNode = FALSE
	EndGlobalSection
	GlobalSection(ExtensibilityGlobals) = postSolution
		SolutionGuid = {CCB6F331-3F22-4844-8374-C92645275C7F}
	EndGlobalSection
EndGlobal
